
Microsoft Visual Studio Solution File, Format Version 12.00
# Visual Studio 15
VisualStudioVersion = 15.0.26124.0
MinimumVisualStudioVersion = 15.0.26124.0
Project("{2150E333-8FDC-42A3-9474-1A3956D46DE8}") = "src", "src", "{1544BC25-0654-4479-957B-2E8F14734121}"
EndProject
Project("{FAE04EC0-301F-11D3-BF4B-00C04F79EFBC}") = "Prometheus.WebApi", "src\Prometheus.WebApi\Prometheus.WebApi.csproj", "{F2AD66EE-FF46-41C4-BD4D-215576587C7E}"
EndProject
Project("{2150E333-8FDC-42A3-9474-1A3956D46DE8}") = "test", "test", "{44D416BD-1CC1-447A-B464-69BE89861D34}"
EndProject
Project("{FAE04EC0-301F-11D3-BF4B-00C04F79EFBC}") = "WebApi.IntegrationTests", "test\WebApi.IntegrationTests\WebApi.IntegrationTests.csproj", "{06AD0AA6-F178-4F0F-BCF0-E63069079DB3}"
EndProject
Project("{FAE04EC0-301F-11D3-BF4B-00C04F79EFBC}") = "Prometheus.Abstraction", "src\Prometheus.Abstraction\Prometheus.Abstraction.csproj", "{EF47AEC6-5E27-4447-AF19-03D0A4AAFB26}"
EndProject
Project("{FAE04EC0-301F-11D3-BF4B-00C04F79EFBC}") = "Prometheus.Business", "src\Prometheus.Business\Prometheus.Business.csproj", "{4137882A-8C58-4716-9131-F3E9FF64D065}"
EndProject
Project("{FAE04EC0-301F-11D3-BF4B-00C04F79EFBC}") = "Prometheus.Core", "src\Prometheus.Core\Prometheus.Core.csproj", "{CE6578DD-1EF5-4143-9A41-DC15FCDA4D70}"
EndProject
Project("{FAE04EC0-301F-11D3-BF4B-00C04F79EFBC}") = "Prometheus.DataAccess", "src\Prometheus.DataAccess\Prometheus.DataAccess.csproj", "{60090598-19DF-4419-8CF4-B8CAF1B62F48}"
EndProject
Project("{FAE04EC0-301F-11D3-BF4B-00C04F79EFBC}") = "Prometheus.Entity", "src\Prometheus.Entity\Prometheus.Entity.csproj", "{9870FEAB-ADBE-48BA-9ECA-C314320692A1}"
EndProject
Global
	GlobalSection(SolutionConfigurationPlatforms) = preSolution
		Debug|Any CPU = Debug|Any CPU
		Debug|x64 = Debug|x64
		Debug|x86 = Debug|x86
		Release|Any CPU = Release|Any CPU
		Release|x64 = Release|x64
		Release|x86 = Release|x86
	EndGlobalSection
	GlobalSection(SolutionProperties) = preSolution
		HideSolutionNode = FALSE
	EndGlobalSection
	GlobalSection(ProjectConfigurationPlatforms) = postSolution
		{F2AD66EE-FF46-41C4-BD4D-215576587C7E}.Debug|Any CPU.ActiveCfg = Debug|Any CPU
		{F2AD66EE-FF46-41C4-BD4D-215576587C7E}.Debug|Any CPU.Build.0 = Debug|Any CPU
		{F2AD66EE-FF46-41C4-BD4D-215576587C7E}.Debug|x64.ActiveCfg = Debug|Any CPU
		{F2AD66EE-FF46-41C4-BD4D-215576587C7E}.Debug|x64.Build.0 = Debug|Any CPU
		{F2AD66EE-FF46-41C4-BD4D-215576587C7E}.Debug|x86.ActiveCfg = Debug|Any CPU
		{F2AD66EE-FF46-41C4-BD4D-215576587C7E}.Debug|x86.Build.0 = Debug|Any CPU
		{F2AD66EE-FF46-41C4-BD4D-215576587C7E}.Release|Any CPU.ActiveCfg = Release|Any CPU
		{F2AD66EE-FF46-41C4-BD4D-215576587C7E}.Release|Any CPU.Build.0 = Release|Any CPU
		{F2AD66EE-FF46-41C4-BD4D-215576587C7E}.Release|x64.ActiveCfg = Release|Any CPU
		{F2AD66EE-FF46-41C4-BD4D-215576587C7E}.Release|x64.Build.0 = Release|Any CPU
		{F2AD66EE-FF46-41C4-BD4D-215576587C7E}.Release|x86.ActiveCfg = Release|Any CPU
		{F2AD66EE-FF46-41C4-BD4D-215576587C7E}.Release|x86.Build.0 = Release|Any CPU
		{06AD0AA6-F178-4F0F-BCF0-E63069079DB3}.Debug|Any CPU.ActiveCfg = Debug|Any CPU
		{06AD0AA6-F178-4F0F-BCF0-E63069079DB3}.Debug|Any CPU.Build.0 = Debug|Any CPU
		{06AD0AA6-F178-4F0F-BCF0-E63069079DB3}.Debug|x64.ActiveCfg = Debug|Any CPU
		{06AD0AA6-F178-4F0F-BCF0-E63069079DB3}.Debug|x64.Build.0 = Debug|Any CPU
		{06AD0AA6-F178-4F0F-BCF0-E63069079DB3}.Debug|x86.ActiveCfg = Debug|Any CPU
		{06AD0AA6-F178-4F0F-BCF0-E63069079DB3}.Debug|x86.Build.0 = Debug|Any CPU
		{06AD0AA6-F178-4F0F-BCF0-E63069079DB3}.Release|Any CPU.ActiveCfg = Release|Any CPU
		{06AD0AA6-F178-4F0F-BCF0-E63069079DB3}.Release|Any CPU.Build.0 = Release|Any CPU
		{06AD0AA6-F178-4F0F-BCF0-E63069079DB3}.Release|x64.ActiveCfg = Release|Any CPU
		{06AD0AA6-F178-4F0F-BCF0-E63069079DB3}.Release|x64.Build.0 = Release|Any CPU
		{06AD0AA6-F178-4F0F-BCF0-E63069079DB3}.Release|x86.ActiveCfg = Release|Any CPU
		{06AD0AA6-F178-4F0F-BCF0-E63069079DB3}.Release|x86.Build.0 = Release|Any CPU
		{EF47AEC6-5E27-4447-AF19-03D0A4AAFB26}.Debug|Any CPU.ActiveCfg = Debug|Any CPU
		{EF47AEC6-5E27-4447-AF19-03D0A4AAFB26}.Debug|Any CPU.Build.0 = Debug|Any CPU
		{EF47AEC6-5E27-4447-AF19-03D0A4AAFB26}.Debug|x64.ActiveCfg = Debug|Any CPU
		{EF47AEC6-5E27-4447-AF19-03D0A4AAFB26}.Debug|x64.Build.0 = Debug|Any CPU
		{EF47AEC6-5E27-4447-AF19-03D0A4AAFB26}.Debug|x86.ActiveCfg = Debug|Any CPU
		{EF47AEC6-5E27-4447-AF19-03D0A4AAFB26}.Debug|x86.Build.0 = Debug|Any CPU
		{EF47AEC6-5E27-4447-AF19-03D0A4AAFB26}.Release|Any CPU.ActiveCfg = Release|Any CPU
		{EF47AEC6-5E27-4447-AF19-03D0A4AAFB26}.Release|Any CPU.Build.0 = Release|Any CPU
		{EF47AEC6-5E27-4447-AF19-03D0A4AAFB26}.Release|x64.ActiveCfg = Release|Any CPU
		{EF47AEC6-5E27-4447-AF19-03D0A4AAFB26}.Release|x64.Build.0 = Release|Any CPU
		{EF47AEC6-5E27-4447-AF19-03D0A4AAFB26}.Release|x86.ActiveCfg = Release|Any CPU
		{EF47AEC6-5E27-4447-AF19-03D0A4AAFB26}.Release|x86.Build.0 = Release|Any CPU
		{4137882A-8C58-4716-9131-F3E9FF64D065}.Debug|Any CPU.ActiveCfg = Debug|Any CPU
		{4137882A-8C58-4716-9131-F3E9FF64D065}.Debug|Any CPU.Build.0 = Debug|Any CPU
		{4137882A-8C58-4716-9131-F3E9FF64D065}.Debug|x64.ActiveCfg = Debug|Any CPU
		{4137882A-8C58-4716-9131-F3E9FF64D065}.Debug|x64.Build.0 = Debug|Any CPU
		{4137882A-8C58-4716-9131-F3E9FF64D065}.Debug|x86.ActiveCfg = Debug|Any CPU
		{4137882A-8C58-4716-9131-F3E9FF64D065}.Debug|x86.Build.0 = Debug|Any CPU
		{4137882A-8C58-4716-9131-F3E9FF64D065}.Release|Any CPU.ActiveCfg = Release|Any CPU
		{4137882A-8C58-4716-9131-F3E9FF64D065}.Release|Any CPU.Build.0 = Release|Any CPU
		{4137882A-8C58-4716-9131-F3E9FF64D065}.Release|x64.ActiveCfg = Release|Any CPU
		{4137882A-8C58-4716-9131-F3E9FF64D065}.Release|x64.Build.0 = Release|Any CPU
		{4137882A-8C58-4716-9131-F3E9FF64D065}.Release|x86.ActiveCfg = Release|Any CPU
		{4137882A-8C58-4716-9131-F3E9FF64D065}.Release|x86.Build.0 = Release|Any CPU
		{CE6578DD-1EF5-4143-9A41-DC15FCDA4D70}.Debug|Any CPU.ActiveCfg = Debug|Any CPU
		{CE6578DD-1EF5-4143-9A41-DC15FCDA4D70}.Debug|Any CPU.Build.0 = Debug|Any CPU
		{CE6578DD-1EF5-4143-9A41-DC15FCDA4D70}.Debug|x64.ActiveCfg = Debug|Any CPU
		{CE6578DD-1EF5-4143-9A41-DC15FCDA4D70}.Debug|x64.Build.0 = Debug|Any CPU
		{CE6578DD-1EF5-4143-9A41-DC15FCDA4D70}.Debug|x86.ActiveCfg = Debug|Any CPU
		{CE6578DD-1EF5-4143-9A41-DC15FCDA4D70}.Debug|x86.Build.0 = Debug|Any CPU
		{CE6578DD-1EF5-4143-9A41-DC15FCDA4D70}.Release|Any CPU.ActiveCfg = Release|Any CPU
		{CE6578DD-1EF5-4143-9A41-DC15FCDA4D70}.Release|Any CPU.Build.0 = Release|Any CPU
		{CE6578DD-1EF5-4143-9A41-DC15FCDA4D70}.Release|x64.ActiveCfg = Release|Any CPU
		{CE6578DD-1EF5-4143-9A41-DC15FCDA4D70}.Release|x64.Build.0 = Release|Any CPU
		{CE6578DD-1EF5-4143-9A41-DC15FCDA4D70}.Release|x86.ActiveCfg = Release|Any CPU
		{CE6578DD-1EF5-4143-9A41-DC15FCDA4D70}.Release|x86.Build.0 = Release|Any CPU
		{60090598-19DF-4419-8CF4-B8CAF1B62F48}.Debug|Any CPU.ActiveCfg = Debug|Any CPU
		{60090598-19DF-4419-8CF4-B8CAF1B62F48}.Debug|Any CPU.Build.0 = Debug|Any CPU
		{60090598-19DF-4419-8CF4-B8CAF1B62F48}.Debug|x64.ActiveCfg = Debug|Any CPU
		{60090598-19DF-4419-8CF4-B8CAF1B62F48}.Debug|x64.Build.0 = Debug|Any CPU
		{60090598-19DF-4419-8CF4-B8CAF1B62F48}.Debug|x86.ActiveCfg = Debug|Any CPU
		{60090598-19DF-4419-8CF4-B8CAF1B62F48}.Debug|x86.Build.0 = Debug|Any CPU
		{60090598-19DF-4419-8CF4-B8CAF1B62F48}.Release|Any CPU.ActiveCfg = Release|Any CPU
		{60090598-19DF-4419-8CF4-B8CAF1B62F48}.Release|Any CPU.Build.0 = Release|Any CPU
		{60090598-19DF-4419-8CF4-B8CAF1B62F48}.Release|x64.ActiveCfg = Release|Any CPU
		{60090598-19DF-4419-8CF4-B8CAF1B62F48}.Release|x64.Build.0 = Release|Any CPU
		{60090598-19DF-4419-8CF4-B8CAF1B62F48}.Release|x86.ActiveCfg = Release|Any CPU
		{60090598-19DF-4419-8CF4-B8CAF1B62F48}.Release|x86.Build.0 = Release|Any CPU
		{9870FEAB-ADBE-48BA-9ECA-C314320692A1}.Debug|Any CPU.ActiveCfg = Debug|Any CPU
		{9870FEAB-ADBE-48BA-9ECA-C314320692A1}.Debug|Any CPU.Build.0 = Debug|Any CPU
		{9870FEAB-ADBE-48BA-9ECA-C314320692A1}.Debug|x64.ActiveCfg = Debug|Any CPU
		{9870FEAB-ADBE-48BA-9ECA-C314320692A1}.Debug|x64.Build.0 = Debug|Any CPU
		{9870FEAB-ADBE-48BA-9ECA-C314320692A1}.Debug|x86.ActiveCfg = Debug|Any CPU
		{9870FEAB-ADBE-48BA-9ECA-C314320692A1}.Debug|x86.Build.0 = Debug|Any CPU
		{9870FEAB-ADBE-48BA-9ECA-C314320692A1}.Release|Any CPU.ActiveCfg = Release|Any CPU
		{9870FEAB-ADBE-48BA-9ECA-C314320692A1}.Release|Any CPU.Build.0 = Release|Any CPU
		{9870FEAB-ADBE-48BA-9ECA-C314320692A1}.Release|x64.ActiveCfg = Release|Any CPU
		{9870FEAB-ADBE-48BA-9ECA-C314320692A1}.Release|x64.Build.0 = Release|Any CPU
		{9870FEAB-ADBE-48BA-9ECA-C314320692A1}.Release|x86.ActiveCfg = Release|Any CPU
		{9870FEAB-ADBE-48BA-9ECA-C314320692A1}.Release|x86.Build.0 = Release|Any CPU
	EndGlobalSection
	GlobalSection(NestedProjects) = preSolution
		{F2AD66EE-FF46-41C4-BD4D-215576587C7E} = {1544BC25-0654-4479-957B-2E8F14734121}
		{06AD0AA6-F178-4F0F-BCF0-E63069079DB3} = {44D416BD-1CC1-447A-B464-69BE89861D34}
		{EF47AEC6-5E27-4447-AF19-03D0A4AAFB26} = {1544BC25-0654-4479-957B-2E8F14734121}
		{4137882A-8C58-4716-9131-F3E9FF64D065} = {1544BC25-0654-4479-957B-2E8F14734121}
		{CE6578DD-1EF5-4143-9A41-DC15FCDA4D70} = {1544BC25-0654-4479-957B-2E8F14734121}
		{60090598-19DF-4419-8CF4-B8CAF1B62F48} = {1544BC25-0654-4479-957B-2E8F14734121}
		{9870FEAB-ADBE-48BA-9ECA-C314320692A1} = {1544BC25-0654-4479-957B-2E8F14734121}
	EndGlobalSection
EndGlobal
